
Microsoft Visual Studio Solution File, Format Version 12.00
# Visual Studio 2013
VisualStudioVersion = 12.0.40629.0
MinimumVisualStudioVersion = 10.0.40219.1
Project("{2150E333-8FDC-42A3-9474-1A3956D46DE8}") = "Common", "Common", "{134BA4C8-A739-4AC7-A200-75BAD2CB2963}"
EndProject
Project("{2150E333-8FDC-42A3-9474-1A3956D46DE8}") = "Core", "Core", "{1FD76610-5783-4BDA-BA56-5F302CCB3D7C}"
EndProject
Project("{2150E333-8FDC-42A3-9474-1A3956D46DE8}") = "Applesoft-Ltd", "Applesoft-Ltd", "{2574CDB6-B8E8-4BC1-8AAE-176AD4457B0B}"
EndProject
Project("{2150E333-8FDC-42A3-9474-1A3956D46DE8}") = "TDS", "TDS", "{34C0B170-B9AE-477B-B1BA-AE5B7E896F3A}"
EndProject
Project("{2150E333-8FDC-42A3-9474-1A3956D46DE8}") = "Data", "Data", "{9D9DCE70-F127-4C9B-87C7-5BC228825E20}"
EndProject
Project("{2150E333-8FDC-42A3-9474-1A3956D46DE8}") = "Web", "Web", "{1200C23C-21D8-4985-84E9-752C5161CBD0}"
EndProject
Project("{2150E333-8FDC-42A3-9474-1A3956D46DE8}") = "Infrastructure", "Infrastructure", "{CC1638E8-9BB4-40F3-9B7A-07EB6C48A3B5}"
EndProject
Project("{2150E333-8FDC-42A3-9474-1A3956D46DE8}") = "Data", "Data", "{F504C4E2-D45D-49A8-8CF5-91C1652D685F}"
EndProject
Project("{2150E333-8FDC-42A3-9474-1A3956D46DE8}") = "Web", "Web", "{AA19F3C4-923D-4BF7-B82B-0F69F5F1BC36}"
EndProject
Project("{FAE04EC0-301F-11D3-BF4B-00C04F79EFBC}") = "Applesoft.Core", "Applesoft.Core\Applesoft.Core.csproj", "{3324F314-702A-4933-B472-E37155D0E146}"
EndProject
Project("{FAE04EC0-301F-11D3-BF4B-00C04F79EFBC}") = "Applesoft.Core.Glassbase", "Applesoft.Core.Glassbase\Applesoft.Core.Glassbase.csproj", "{C869D2CD-9466-473C-8AD8-3AED52B002F5}"
EndProject
Project("{FAE04EC0-301F-11D3-BF4B-00C04F79EFBC}") = "Applesoft.Data", "Applesoft.Data\Applesoft.Data.csproj", "{742F9DB7-695F-43AD-BB20-1758E68E6381}"
EndProject
Project("{FAE04EC0-301F-11D3-BF4B-00C04F79EFBC}") = "Applesoft.Infrastracture", "Applesoft.Infrastracture\Applesoft.Infrastracture.csproj", "{1C2F27EB-F51B-4195-81C1-401CB624A9EE}"
EndProject
Project("{FAE04EC0-301F-11D3-BF4B-00C04F79EFBC}") = "Applesoft.Applesoft-Ltd.Data", "Applesoft.Applesoft-Ltd.Data\Applesoft.Applesoft-Ltd.Data.csproj", "{82F31B6E-7CF5-46A3-8283-C040949BA3B1}"
EndProject
Global
	GlobalSection(SolutionConfigurationPlatforms) = preSolution
		Debug|Any CPU = Debug|Any CPU
		Release|Any CPU = Release|Any CPU
	EndGlobalSection
	GlobalSection(ProjectConfigurationPlatforms) = postSolution
		{3324F314-702A-4933-B472-E37155D0E146}.Debug|Any CPU.ActiveCfg = Debug|Any CPU
		{3324F314-702A-4933-B472-E37155D0E146}.Debug|Any CPU.Build.0 = Debug|Any CPU
		{3324F314-702A-4933-B472-E37155D0E146}.Release|Any CPU.ActiveCfg = Release|Any CPU
		{3324F314-702A-4933-B472-E37155D0E146}.Release|Any CPU.Build.0 = Release|Any CPU
		{C869D2CD-9466-473C-8AD8-3AED52B002F5}.Debug|Any CPU.ActiveCfg = Debug|Any CPU
		{C869D2CD-9466-473C-8AD8-3AED52B002F5}.Debug|Any CPU.Build.0 = Debug|Any CPU
		{C869D2CD-9466-473C-8AD8-3AED52B002F5}.Release|Any CPU.ActiveCfg = Release|Any CPU
		{C869D2CD-9466-473C-8AD8-3AED52B002F5}.Release|Any CPU.Build.0 = Release|Any CPU
		{742F9DB7-695F-43AD-BB20-1758E68E6381}.Debug|Any CPU.ActiveCfg = Debug|Any CPU
		{742F9DB7-695F-43AD-BB20-1758E68E6381}.Debug|Any CPU.Build.0 = Debug|Any CPU
		{742F9DB7-695F-43AD-BB20-1758E68E6381}.Release|Any CPU.ActiveCfg = Release|Any CPU
		{742F9DB7-695F-43AD-BB20-1758E68E6381}.Release|Any CPU.Build.0 = Release|Any CPU
		{1C2F27EB-F51B-4195-81C1-401CB624A9EE}.Debug|Any CPU.ActiveCfg = Debug|Any CPU
		{1C2F27EB-F51B-4195-81C1-401CB624A9EE}.Debug|Any CPU.Build.0 = Debug|Any CPU
		{1C2F27EB-F51B-4195-81C1-401CB624A9EE}.Release|Any CPU.ActiveCfg = Release|Any CPU
		{1C2F27EB-F51B-4195-81C1-401CB624A9EE}.Release|Any CPU.Build.0 = Release|Any CPU
		{82F31B6E-7CF5-46A3-8283-C040949BA3B1}.Debug|Any CPU.ActiveCfg = Debug|Any CPU
		{82F31B6E-7CF5-46A3-8283-C040949BA3B1}.Debug|Any CPU.Build.0 = Debug|Any CPU
		{82F31B6E-7CF5-46A3-8283-C040949BA3B1}.Release|Any CPU.ActiveCfg = Release|Any CPU
		{82F31B6E-7CF5-46A3-8283-C040949BA3B1}.Release|Any CPU.Build.0 = Release|Any CPU
	EndGlobalSection
	GlobalSection(SolutionProperties) = preSolution
		HideSolutionNode = FALSE
	EndGlobalSection
	GlobalSection(NestedProjects) = preSolution
		{1FD76610-5783-4BDA-BA56-5F302CCB3D7C} = {134BA4C8-A739-4AC7-A200-75BAD2CB2963}
		{9D9DCE70-F127-4C9B-87C7-5BC228825E20} = {134BA4C8-A739-4AC7-A200-75BAD2CB2963}
		{1200C23C-21D8-4985-84E9-752C5161CBD0} = {134BA4C8-A739-4AC7-A200-75BAD2CB2963}
		{CC1638E8-9BB4-40F3-9B7A-07EB6C48A3B5} = {134BA4C8-A739-4AC7-A200-75BAD2CB2963}
		{F504C4E2-D45D-49A8-8CF5-91C1652D685F} = {2574CDB6-B8E8-4BC1-8AAE-176AD4457B0B}
		{AA19F3C4-923D-4BF7-B82B-0F69F5F1BC36} = {2574CDB6-B8E8-4BC1-8AAE-176AD4457B0B}
		{3324F314-702A-4933-B472-E37155D0E146} = {1FD76610-5783-4BDA-BA56-5F302CCB3D7C}
		{C869D2CD-9466-473C-8AD8-3AED52B002F5} = {1FD76610-5783-4BDA-BA56-5F302CCB3D7C}
		{742F9DB7-695F-43AD-BB20-1758E68E6381} = {9D9DCE70-F127-4C9B-87C7-5BC228825E20}
		{1C2F27EB-F51B-4195-81C1-401CB624A9EE} = {CC1638E8-9BB4-40F3-9B7A-07EB6C48A3B5}
		{82F31B6E-7CF5-46A3-8283-C040949BA3B1} = {F504C4E2-D45D-49A8-8CF5-91C1652D685F}
	EndGlobalSection
EndGlobal
